
Microsoft Visual Studio Solution File, Format Version 12.00
# Visual Studio 15
VisualStudioVersion = 15.0.26730.0
MinimumVisualStudioVersion = 10.0.40219.1
Project("{FAE04EC0-301F-11D3-BF4B-00C04F79EFBC}") = "Kata20170812_AreTheyTheSame", "Kata20170812_AreTheyTheSame\Kata20170812_AreTheyTheSame.csproj", "{899C02F8-EC6A-44D9-BF6F-214940F8DBBA}"
EndProject
Global
	GlobalSection(SolutionConfigurationPlatforms) = preSolution
		Debug|Any CPU = Debug|Any CPU
		Release|Any CPU = Release|Any CPU
	EndGlobalSection
	GlobalSection(ProjectConfigurationPlatforms) = postSolution
		{899C02F8-EC6A-44D9-BF6F-214940F8DBBA}.Debug|Any CPU.ActiveCfg = Debug|Any CPU
		{899C02F8-EC6A-44D9-BF6F-214940F8DBBA}.Debug|Any CPU.Build.0 = Debug|Any CPU
		{899C02F8-EC6A-44D9-BF6F-214940F8DBBA}.Release|Any CPU.ActiveCfg = Release|Any CPU
		{899C02F8-EC6A-44D9-BF6F-214940F8DBBA}.Release|Any CPU.Build.0 = Release|Any CPU
	EndGlobalSection
	GlobalSection(SolutionProperties) = preSolution
		HideSolutionNode = FALSE
	EndGlobalSection
	GlobalSection(ExtensibilityGlobals) = postSolution
		SolutionGuid = {EBED8DDA-1F06-4E86-AFF6-42B30F5DDE53}
	EndGlobalSection
	GlobalSection(CodealikeProperties) = postSolution
		SolutionGuid = 29f6bc1a-7fd2-4839-8cdd-4d879439129c
	EndGlobalSection
EndGlobal
